
Microsoft Visual Studio Solution File, Format Version 12.00
# Visual Studio 15
VisualStudioVersion = 15.0.27130.2024
MinimumVisualStudioVersion = 10.0.40219.1
Project("{2150E333-8FDC-42A3-9474-1A3956D46DE8}") = "Logs", "Logs", "{AA75FE19-B13C-4440-AA5A-602375FCC23A}"
EndProject
Project("{2150E333-8FDC-42A3-9474-1A3956D46DE8}") = "DataAccess", "DataAccess", "{AEE6CEF8-1B49-48F5-AC31-86EB03092BD0}"
EndProject
Project("{2150E333-8FDC-42A3-9474-1A3956D46DE8}") = "Mq", "Mq", "{41BB2F48-D50C-4712-A156-C03C23510F96}"
EndProject
Project("{2150E333-8FDC-42A3-9474-1A3956D46DE8}") = "Cache", "Cache", "{045EF5BF-B62C-47D6-AD66-42F5EB575237}"
EndProject
Project("{9A19103F-16F7-4668-BE54-9A1E7A4F7556}") = "AA.Log4Net", "AA.Log4Net\AA.Log4Net.csproj", "{D47B1AA8-B210-44E3-A8F8-F5754166C314}"
EndProject
Project("{2150E333-8FDC-42A3-9474-1A3956D46DE8}") = "Mapper", "Mapper", "{7FF2B582-E6ED-404C-9C88-B0D365B607C5}"
EndProject
Project("{9A19103F-16F7-4668-BE54-9A1E7A4F7556}") = "AA.AutoMapper", "AA.AutoMapper\AA.AutoMapper.csproj", "{22143154-82B8-4B58-865F-5B74E1E4444F}"
EndProject
Project("{9A19103F-16F7-4668-BE54-9A1E7A4F7556}") = "AA.FrameWork", "AA.FrameWork\AA.FrameWork.csproj", "{024A461B-2ADD-470B-A673-999DBD9DDA2A}"
EndProject
Project("{9A19103F-16F7-4668-BE54-9A1E7A4F7556}") = "AA.Redis", "AA.Redis\AA.Redis.csproj", "{2C32D84C-FC07-4132-ADF7-865E52A4DCBC}"
EndProject
Project("{9A19103F-16F7-4668-BE54-9A1E7A4F7556}") = "AA.Dapper", "AA.Dapper\AA.Dapper.csproj", "{CD808245-157E-4A56-A4A8-773E69DFF7EB}"
EndProject
Project("{9A19103F-16F7-4668-BE54-9A1E7A4F7556}") = "AA.FrameWork.Tests.Unit", "AA.FrameWork.Tests.Unit\AA.FrameWork.Tests.Unit.csproj", "{9F73E237-5483-486F-A03A-111F6F7A0282}"
EndProject
Project("{9A19103F-16F7-4668-BE54-9A1E7A4F7556}") = "AA.AspNetCore", "AA.AspNetCore\AA.AspNetCore.csproj", "{30B8CCC9-3F8E-4E7D-9832-B4C26559B5FC}"
EndProject
Project("{2150E333-8FDC-42A3-9474-1A3956D46DE8}") = "Bus", "Bus", "{1A7C5724-94D0-4D29-9A20-C22DC3FE42A6}"
EndProject
Project("{9A19103F-16F7-4668-BE54-9A1E7A4F7556}") = "AA.RabbitMQ", "AA.RabbitMQ\AA.RabbitMQ.csproj", "{78AD2006-B557-4800-80B6-D881239C11EB}"
EndProject
Project("{FAE04EC0-301F-11D3-BF4B-00C04F79EFBC}") = "AA.ServiceBus", "AA.ServiceBus\AA.ServiceBus.csproj", "{B42A7FA6-9976-447A-9D32-B02A2D5162E5}"
EndProject
Global
	GlobalSection(SolutionConfigurationPlatforms) = preSolution
		Debug|Any CPU = Debug|Any CPU
		Release|Any CPU = Release|Any CPU
	EndGlobalSection
	GlobalSection(ProjectConfigurationPlatforms) = postSolution
		{D47B1AA8-B210-44E3-A8F8-F5754166C314}.Debug|Any CPU.ActiveCfg = Debug|Any CPU
		{D47B1AA8-B210-44E3-A8F8-F5754166C314}.Debug|Any CPU.Build.0 = Debug|Any CPU
		{D47B1AA8-B210-44E3-A8F8-F5754166C314}.Release|Any CPU.ActiveCfg = Release|Any CPU
		{D47B1AA8-B210-44E3-A8F8-F5754166C314}.Release|Any CPU.Build.0 = Release|Any CPU
		{22143154-82B8-4B58-865F-5B74E1E4444F}.Debug|Any CPU.ActiveCfg = Debug|Any CPU
		{22143154-82B8-4B58-865F-5B74E1E4444F}.Debug|Any CPU.Build.0 = Debug|Any CPU
		{22143154-82B8-4B58-865F-5B74E1E4444F}.Release|Any CPU.ActiveCfg = Release|Any CPU
		{22143154-82B8-4B58-865F-5B74E1E4444F}.Release|Any CPU.Build.0 = Release|Any CPU
		{024A461B-2ADD-470B-A673-999DBD9DDA2A}.Debug|Any CPU.ActiveCfg = Debug|Any CPU
		{024A461B-2ADD-470B-A673-999DBD9DDA2A}.Debug|Any CPU.Build.0 = Debug|Any CPU
		{024A461B-2ADD-470B-A673-999DBD9DDA2A}.Release|Any CPU.ActiveCfg = Release|Any CPU
		{024A461B-2ADD-470B-A673-999DBD9DDA2A}.Release|Any CPU.Build.0 = Release|Any CPU
		{2C32D84C-FC07-4132-ADF7-865E52A4DCBC}.Debug|Any CPU.ActiveCfg = Debug|Any CPU
		{2C32D84C-FC07-4132-ADF7-865E52A4DCBC}.Debug|Any CPU.Build.0 = Debug|Any CPU
		{2C32D84C-FC07-4132-ADF7-865E52A4DCBC}.Release|Any CPU.ActiveCfg = Release|Any CPU
		{2C32D84C-FC07-4132-ADF7-865E52A4DCBC}.Release|Any CPU.Build.0 = Release|Any CPU
		{CD808245-157E-4A56-A4A8-773E69DFF7EB}.Debug|Any CPU.ActiveCfg = Debug|Any CPU
		{CD808245-157E-4A56-A4A8-773E69DFF7EB}.Debug|Any CPU.Build.0 = Debug|Any CPU
		{CD808245-157E-4A56-A4A8-773E69DFF7EB}.Release|Any CPU.ActiveCfg = Release|Any CPU
		{CD808245-157E-4A56-A4A8-773E69DFF7EB}.Release|Any CPU.Build.0 = Release|Any CPU
		{9F73E237-5483-486F-A03A-111F6F7A0282}.Debug|Any CPU.ActiveCfg = Debug|Any CPU
		{9F73E237-5483-486F-A03A-111F6F7A0282}.Debug|Any CPU.Build.0 = Debug|Any CPU
		{9F73E237-5483-486F-A03A-111F6F7A0282}.Release|Any CPU.ActiveCfg = Release|Any CPU
		{9F73E237-5483-486F-A03A-111F6F7A0282}.Release|Any CPU.Build.0 = Release|Any CPU
		{30B8CCC9-3F8E-4E7D-9832-B4C26559B5FC}.Debug|Any CPU.ActiveCfg = Debug|Any CPU
		{30B8CCC9-3F8E-4E7D-9832-B4C26559B5FC}.Debug|Any CPU.Build.0 = Debug|Any CPU
		{30B8CCC9-3F8E-4E7D-9832-B4C26559B5FC}.Release|Any CPU.ActiveCfg = Release|Any CPU
		{30B8CCC9-3F8E-4E7D-9832-B4C26559B5FC}.Release|Any CPU.Build.0 = Release|Any CPU
		{78AD2006-B557-4800-80B6-D881239C11EB}.Debug|Any CPU.ActiveCfg = Debug|Any CPU
		{78AD2006-B557-4800-80B6-D881239C11EB}.Debug|Any CPU.Build.0 = Debug|Any CPU
		{78AD2006-B557-4800-80B6-D881239C11EB}.Release|Any CPU.ActiveCfg = Release|Any CPU
		{78AD2006-B557-4800-80B6-D881239C11EB}.Release|Any CPU.Build.0 = Release|Any CPU
		{B42A7FA6-9976-447A-9D32-B02A2D5162E5}.Debug|Any CPU.ActiveCfg = Debug|Any CPU
		{B42A7FA6-9976-447A-9D32-B02A2D5162E5}.Debug|Any CPU.Build.0 = Debug|Any CPU
		{B42A7FA6-9976-447A-9D32-B02A2D5162E5}.Release|Any CPU.ActiveCfg = Release|Any CPU
		{B42A7FA6-9976-447A-9D32-B02A2D5162E5}.Release|Any CPU.Build.0 = Release|Any CPU
	EndGlobalSection
	GlobalSection(SolutionProperties) = preSolution
		HideSolutionNode = FALSE
	EndGlobalSection
	GlobalSection(NestedProjects) = preSolution
		{D47B1AA8-B210-44E3-A8F8-F5754166C314} = {AA75FE19-B13C-4440-AA5A-602375FCC23A}
		{22143154-82B8-4B58-865F-5B74E1E4444F} = {7FF2B582-E6ED-404C-9C88-B0D365B607C5}
		{2C32D84C-FC07-4132-ADF7-865E52A4DCBC} = {045EF5BF-B62C-47D6-AD66-42F5EB575237}
		{CD808245-157E-4A56-A4A8-773E69DFF7EB} = {AEE6CEF8-1B49-48F5-AC31-86EB03092BD0}
		{78AD2006-B557-4800-80B6-D881239C11EB} = {41BB2F48-D50C-4712-A156-C03C23510F96}
		{B42A7FA6-9976-447A-9D32-B02A2D5162E5} = {1A7C5724-94D0-4D29-9A20-C22DC3FE42A6}
	EndGlobalSection
	GlobalSection(ExtensibilityGlobals) = postSolution
		SolutionGuid = {537C9B6A-908A-41B2-9C9D-79EB5E29589C}
	EndGlobalSection
EndGlobal
